
Microsoft Visual Studio Solution File, Format Version 12.00
# Visual Studio Version 16
VisualStudioVersion = 16.0.32630.194
MinimumVisualStudioVersion = 10.0.40219.1
Project("{FAE04EC0-301F-11D3-BF4B-00C04F79EFBC}") = "DugunDavetiyeUygulamasi", "DugunDavetiyeUygulamasi\DugunDavetiyeUygulamasi.csproj", "{B17A5354-B91A-427C-963D-967298D6BE7C}"
EndProject
Global
	GlobalSection(SolutionConfigurationPlatforms) = preSolution
		Debug|Any CPU = Debug|Any CPU
		Release|Any CPU = Release|Any CPU
	EndGlobalSection
	GlobalSection(ProjectConfigurationPlatforms) = postSolution
		{B17A5354-B91A-427C-963D-967298D6BE7C}.Debug|Any CPU.ActiveCfg = Debug|Any CPU
		{B17A5354-B91A-427C-963D-967298D6BE7C}.Debug|Any CPU.Build.0 = Debug|Any CPU
		{B17A5354-B91A-427C-963D-967298D6BE7C}.Release|Any CPU.ActiveCfg = Release|Any CPU
		{B17A5354-B91A-427C-963D-967298D6BE7C}.Release|Any CPU.Build.0 = Release|Any CPU
	EndGlobalSection
	GlobalSection(SolutionProperties) = preSolution
		HideSolutionNode = FALSE
	EndGlobalSection
	GlobalSection(ExtensibilityGlobals) = postSolution
		SolutionGuid = {390FA5B7-9777-4EA3-A99C-D26645DD0EF6}
	EndGlobalSection
EndGlobal
